// !$*UTF8*$!
{
	archiveVersion = 1;
	classes = {
	};
	objectVersion = 55;
	objects = {

/* Begin PBXBuildFile section */
		8EF36F5826739BED00A9E16C /* AppDelegate.swift in Sources */ = {isa = PBXBuildFile; fileRef = 8EF36F5726739BED00A9E16C /* AppDelegate.swift */; };
		8EF36F5A26739BED00A9E16C /* SceneDelegate.swift in Sources */ = {isa = PBXBuildFile; fileRef = 8EF36F5926739BED00A9E16C /* SceneDelegate.swift */; };
		8EF36F5C26739BED00A9E16C /* ViewController.swift in Sources */ = {isa = PBXBuildFile; fileRef = 8EF36F5B26739BED00A9E16C /* ViewController.swift */; };
		8EF36F5F26739BED00A9E16C /* Main.storyboard in Resources */ = {isa = PBXBuildFile; fileRef = 8EF36F5D26739BED00A9E16C /* Main.storyboard */; };
		8EF36F6126739BEF00A9E16C /* Assets.xcassets in Resources */ = {isa = PBXBuildFile; fileRef = 8EF36F6026739BEF00A9E16C /* Assets.xcassets */; };
		8EF36F6426739BEF00A9E16C /* LaunchScreen.storyboard in Resources */ = {isa = PBXBuildFile; fileRef = 8EF36F6226739BEF00A9E16C /* LaunchScreen.storyboard */; };
		8EF36F6F26739BEF00A9E16C /* AGPlacePickerTests.swift in Sources */ = {isa = PBXBuildFile; fileRef = 8EF36F6E26739BEF00A9E16C /* AGPlacePickerTests.swift */; };
		8EF36F7926739BEF00A9E16C /* AGPlacePickerUITests.swift in Sources */ = {isa = PBXBuildFile; fileRef = 8EF36F7826739BEF00A9E16C /* AGPlacePickerUITests.swift */; };
		8EF36F8926739DD200A9E16C /* PlacesListView.swift in Sources */ = {isa = PBXBuildFile; fileRef = 8EF36F8826739DD200A9E16C /* PlacesListView.swift */; };
		8EF36FA22673AA5600A9E16C /* UIKit.framework in Frameworks */ = {isa = PBXBuildFile; fileRef = 8EF36F932673AA5500A9E16C /* UIKit.framework */; };
		8EF36FA32673AA5600A9E16C /* CoreGraphics.framework in Frameworks */ = {isa = PBXBuildFile; fileRef = 8EF36F942673AA5500A9E16C /* CoreGraphics.framework */; };
		8EF36FA42673AA5600A9E16C /* CoreImage.framework in Frameworks */ = {isa = PBXBuildFile; fileRef = 8EF36F952673AA5500A9E16C /* CoreImage.framework */; };
		8EF36FA52673AA5600A9E16C /* OpenGLES.framework in Frameworks */ = {isa = PBXBuildFile; fileRef = 8EF36F962673AA5500A9E16C /* OpenGLES.framework */; };
		8EF36FA62673AA5600A9E16C /* CoreTelephony.framework in Frameworks */ = {isa = PBXBuildFile; fileRef = 8EF36F972673AA5500A9E16C /* CoreTelephony.framework */; };
		8EF36FA72673AA5600A9E16C /* libc++.tbd in Frameworks */ = {isa = PBXBuildFile; fileRef = 8EF36F982673AA5500A9E16C /* libc++.tbd */; };
		8EF36FA82673AA5600A9E16C /* libz.tbd in Frameworks */ = {isa = PBXBuildFile; fileRef = 8EF36F992673AA5500A9E16C /* libz.tbd */; };
		8EF36FA92673AA5600A9E16C /* SystemConfiguration.framework in Frameworks */ = {isa = PBXBuildFile; fileRef = 8EF36F9A2673AA5500A9E16C /* SystemConfiguration.framework */; };
		8EF36FAA2673AA5600A9E16C /* CoreData.framework in Frameworks */ = {isa = PBXBuildFile; fileRef = 8EF36F9B2673AA5500A9E16C /* CoreData.framework */; };
		8EF36FAB2673AA5600A9E16C /* GLKit.framework in Frameworks */ = {isa = PBXBuildFile; fileRef = 8EF36F9C2673AA5500A9E16C /* GLKit.framework */; };
		8EF36FAC2673AA5600A9E16C /* ImageIO.framework in Frameworks */ = {isa = PBXBuildFile; fileRef = 8EF36F9D2673AA5600A9E16C /* ImageIO.framework */; };
		8EF36FAD2673AA5600A9E16C /* CoreText.framework in Frameworks */ = {isa = PBXBuildFile; fileRef = 8EF36F9E2673AA5600A9E16C /* CoreText.framework */; };
		8EF36FAE2673AA5600A9E16C /* QuartzCore.framework in Frameworks */ = {isa = PBXBuildFile; fileRef = 8EF36F9F2673AA5600A9E16C /* QuartzCore.framework */; };
		8EF36FAF2673AA5600A9E16C /* Accelerate.framework in Frameworks */ = {isa = PBXBuildFile; fileRef = 8EF36FA02673AA5600A9E16C /* Accelerate.framework */; };
		8EF36FB02673AA5600A9E16C /* CoreLocation.framework in Frameworks */ = {isa = PBXBuildFile; fileRef = 8EF36FA12673AA5600A9E16C /* CoreLocation.framework */; };
		8EF36FB72673B21500A9E16C /* GooglePlaces.framework in Frameworks */ = {isa = PBXBuildFile; fileRef = 8EF36FB62673B21500A9E16C /* GooglePlaces.framework */; };
		8EF36FB92673B22700A9E16C /* GooglePlaces.bundle in Resources */ = {isa = PBXBuildFile; fileRef = 8EF36FB82673B22700A9E16C /* GooglePlaces.bundle */; };
		8EF36FBB2673B28700A9E16C /* GoogleMapsBase.framework in Frameworks */ = {isa = PBXBuildFile; fileRef = 8EF36FBA2673B28700A9E16C /* GoogleMapsBase.framework */; };
		8EF36FBE2673B29B00A9E16C /* GoogleMapsCore.framework in Frameworks */ = {isa = PBXBuildFile; fileRef = 8EF36FBC2673B29900A9E16C /* GoogleMapsCore.framework */; };
		8EF36FC22673B30800A9E16C /* GoogleMaps.framework in Frameworks */ = {isa = PBXBuildFile; fileRef = 8EF36FC12673B30800A9E16C /* GoogleMaps.framework */; };
		8EF36FC42673B30F00A9E16C /* GoogleMaps.bundle in Resources */ = {isa = PBXBuildFile; fileRef = 8EF36FC32673B30F00A9E16C /* GoogleMaps.bundle */; };
		8EF36FC62673B3E900A9E16C /* PlacesListViewModel.swift in Sources */ = {isa = PBXBuildFile; fileRef = 8EF36FC52673B3E900A9E16C /* PlacesListViewModel.swift */; };
		8EF36FC82673B4DC00A9E16C /* AGPlacePickerRepository.swift in Sources */ = {isa = PBXBuildFile; fileRef = 8EF36FC72673B4DC00A9E16C /* AGPlacePickerRepository.swift */; };
		8EF36FCC2673C3F200A9E16C /* AGPlacesResponse.swift in Sources */ = {isa = PBXBuildFile; fileRef = 8EF36FCB2673C3F200A9E16C /* AGPlacesResponse.swift */; };
		8EF36FCE2673C40D00A9E16C /* AGPlace.swift in Sources */ = {isa = PBXBuildFile; fileRef = 8EF36FCD2673C40D00A9E16C /* AGPlace.swift */; };
		8EF36FD02673C4FB00A9E16C /* AGPlaceGeometry.swift in Sources */ = {isa = PBXBuildFile; fileRef = 8EF36FCF2673C4FB00A9E16C /* AGPlaceGeometry.swift */; };
		8EF36FD22673C51900A9E16C /* AGPlaceLocation.swift in Sources */ = {isa = PBXBuildFile; fileRef = 8EF36FD12673C51900A9E16C /* AGPlaceLocation.swift */; };
		8EF36FD52673C5A400A9E16C /* AGPlacePickerAPI.swift in Sources */ = {isa = PBXBuildFile; fileRef = 8EF36FD42673C5A400A9E16C /* AGPlacePickerAPI.swift */; };
/* End PBXBuildFile section */

/* Begin PBXContainerItemProxy section */
		8EF36F6B26739BEF00A9E16C /* PBXContainerItemProxy */ = {
			isa = PBXContainerItemProxy;
			containerPortal = 8EF36F4C26739BED00A9E16C /* Project object */;
			proxyType = 1;
			remoteGlobalIDString = 8EF36F5326739BED00A9E16C;
			remoteInfo = AGPlacePicker;
		};
		8EF36F7526739BEF00A9E16C /* PBXContainerItemProxy */ = {
			isa = PBXContainerItemProxy;
			containerPortal = 8EF36F4C26739BED00A9E16C /* Project object */;
			proxyType = 1;
			remoteGlobalIDString = 8EF36F5326739BED00A9E16C;
			remoteInfo = AGPlacePicker;
		};
/* End PBXContainerItemProxy section */

/* Begin PBXFileReference section */
		8EF36F5426739BED00A9E16C /* AGPlacePicker.app */ = {isa = PBXFileReference; explicitFileType = wrapper.application; includeInIndex = 0; path = AGPlacePicker.app; sourceTree = BUILT_PRODUCTS_DIR; };
		8EF36F5726739BED00A9E16C /* AppDelegate.swift */ = {isa = PBXFileReference; lastKnownFileType = sourcecode.swift; path = AppDelegate.swift; sourceTree = "<group>"; };
		8EF36F5926739BED00A9E16C /* SceneDelegate.swift */ = {isa = PBXFileReference; lastKnownFileType = sourcecode.swift; path = SceneDelegate.swift; sourceTree = "<group>"; };
		8EF36F5B26739BED00A9E16C /* ViewController.swift */ = {isa = PBXFileReference; lastKnownFileType = sourcecode.swift; path = ViewController.swift; sourceTree = "<group>"; };
		8EF36F5E26739BED00A9E16C /* Base */ = {isa = PBXFileReference; lastKnownFileType = file.storyboard; name = Base; path = Base.lproj/Main.storyboard; sourceTree = "<group>"; };
		8EF36F6026739BEF00A9E16C /* Assets.xcassets */ = {isa = PBXFileReference; lastKnownFileType = folder.assetcatalog; path = Assets.xcassets; sourceTree = "<group>"; };
		8EF36F6326739BEF00A9E16C /* Base */ = {isa = PBXFileReference; lastKnownFileType = file.storyboard; name = Base; path = Base.lproj/LaunchScreen.storyboard; sourceTree = "<group>"; };
		8EF36F6526739BEF00A9E16C /* Info.plist */ = {isa = PBXFileReference; lastKnownFileType = text.plist.xml; path = Info.plist; sourceTree = "<group>"; };
		8EF36F6A26739BEF00A9E16C /* AGPlacePickerTests.xctest */ = {isa = PBXFileReference; explicitFileType = wrapper.cfbundle; includeInIndex = 0; path = AGPlacePickerTests.xctest; sourceTree = BUILT_PRODUCTS_DIR; };
		8EF36F6E26739BEF00A9E16C /* AGPlacePickerTests.swift */ = {isa = PBXFileReference; lastKnownFileType = sourcecode.swift; path = AGPlacePickerTests.swift; sourceTree = "<group>"; };
		8EF36F7426739BEF00A9E16C /* AGPlacePickerUITests.xctest */ = {isa = PBXFileReference; explicitFileType = wrapper.cfbundle; includeInIndex = 0; path = AGPlacePickerUITests.xctest; sourceTree = BUILT_PRODUCTS_DIR; };
		8EF36F7826739BEF00A9E16C /* AGPlacePickerUITests.swift */ = {isa = PBXFileReference; lastKnownFileType = sourcecode.swift; path = AGPlacePickerUITests.swift; sourceTree = "<group>"; };
		8EF36F8826739DD200A9E16C /* PlacesListView.swift */ = {isa = PBXFileReference; lastKnownFileType = sourcecode.swift; path = PlacesListView.swift; sourceTree = "<group>"; };
		8EF36F932673AA5500A9E16C /* UIKit.framework */ = {isa = PBXFileReference; lastKnownFileType = wrapper.framework; name = UIKit.framework; path = System/Library/Frameworks/UIKit.framework; sourceTree = SDKROOT; };
		8EF36F942673AA5500A9E16C /* CoreGraphics.framework */ = {isa = PBXFileReference; lastKnownFileType = wrapper.framework; name = CoreGraphics.framework; path = System/Library/Frameworks/CoreGraphics.framework; sourceTree = SDKROOT; };
		8EF36F952673AA5500A9E16C /* CoreImage.framework */ = {isa = PBXFileReference; lastKnownFileType = wrapper.framework; name = CoreImage.framework; path = System/Library/Frameworks/CoreImage.framework; sourceTree = SDKROOT; };
		8EF36F962673AA5500A9E16C /* OpenGLES.framework */ = {isa = PBXFileReference; lastKnownFileType = wrapper.framework; name = OpenGLES.framework; path = System/Library/Frameworks/OpenGLES.framework; sourceTree = SDKROOT; };
		8EF36F972673AA5500A9E16C /* CoreTelephony.framework */ = {isa = PBXFileReference; lastKnownFileType = wrapper.framework; name = CoreTelephony.framework; path = System/Library/Frameworks/CoreTelephony.framework; sourceTree = SDKROOT; };
		8EF36F982673AA5500A9E16C /* libc++.tbd */ = {isa = PBXFileReference; lastKnownFileType = "sourcecode.text-based-dylib-definition"; name = "libc++.tbd"; path = "usr/lib/libc++.tbd"; sourceTree = SDKROOT; };
		8EF36F992673AA5500A9E16C /* libz.tbd */ = {isa = PBXFileReference; lastKnownFileType = "sourcecode.text-based-dylib-definition"; name = libz.tbd; path = usr/lib/libz.tbd; sourceTree = SDKROOT; };
		8EF36F9A2673AA5500A9E16C /* SystemConfiguration.framework */ = {isa = PBXFileReference; lastKnownFileType = wrapper.framework; name = SystemConfiguration.framework; path = System/Library/Frameworks/SystemConfiguration.framework; sourceTree = SDKROOT; };
		8EF36F9B2673AA5500A9E16C /* CoreData.framework */ = {isa = PBXFileReference; lastKnownFileType = wrapper.framework; name = CoreData.framework; path = System/Library/Frameworks/CoreData.framework; sourceTree = SDKROOT; };
		8EF36F9C2673AA5500A9E16C /* GLKit.framework */ = {isa = PBXFileReference; lastKnownFileType = wrapper.framework; name = GLKit.framework; path = System/Library/Frameworks/GLKit.framework; sourceTree = SDKROOT; };
		8EF36F9D2673AA5600A9E16C /* ImageIO.framework */ = {isa = PBXFileReference; lastKnownFileType = wrapper.framework; name = ImageIO.framework; path = System/Library/Frameworks/ImageIO.framework; sourceTree = SDKROOT; };
		8EF36F9E2673AA5600A9E16C /* CoreText.framework */ = {isa = PBXFileReference; lastKnownFileType = wrapper.framework; name = CoreText.framework; path = System/Library/Frameworks/CoreText.framework; sourceTree = SDKROOT; };
		8EF36F9F2673AA5600A9E16C /* QuartzCore.framework */ = {isa = PBXFileReference; lastKnownFileType = wrapper.framework; name = QuartzCore.framework; path = System/Library/Frameworks/QuartzCore.framework; sourceTree = SDKROOT; };
		8EF36FA02673AA5600A9E16C /* Accelerate.framework */ = {isa = PBXFileReference; lastKnownFileType = wrapper.framework; name = Accelerate.framework; path = System/Library/Frameworks/Accelerate.framework; sourceTree = SDKROOT; };
		8EF36FA12673AA5600A9E16C /* CoreLocation.framework */ = {isa = PBXFileReference; lastKnownFileType = wrapper.framework; name = CoreLocation.framework; path = System/Library/Frameworks/CoreLocation.framework; sourceTree = SDKROOT; };
		8EF36FB62673B21500A9E16C /* GooglePlaces.framework */ = {isa = PBXFileReference; lastKnownFileType = wrapper.framework; path = GooglePlaces.framework; sourceTree = "<group>"; };
		8EF36FB82673B22700A9E16C /* GooglePlaces.bundle */ = {isa = PBXFileReference; lastKnownFileType = "wrapper.plug-in"; name = GooglePlaces.bundle; path = AGPlacePicker/GooglePlaces.framework/Resources/GooglePlaces.bundle; sourceTree = "<group>"; };
		8EF36FBA2673B28700A9E16C /* GoogleMapsBase.framework */ = {isa = PBXFileReference; lastKnownFileType = wrapper.framework; path = GoogleMapsBase.framework; sourceTree = "<group>"; };
		8EF36FBC2673B29900A9E16C /* GoogleMapsCore.framework */ = {isa = PBXFileReference; lastKnownFileType = wrapper.framework; path = GoogleMapsCore.framework; sourceTree = "<group>"; };
		8EF36FC12673B30800A9E16C /* GoogleMaps.framework */ = {isa = PBXFileReference; lastKnownFileType = wrapper.framework; path = GoogleMaps.framework; sourceTree = "<group>"; };
		8EF36FC32673B30F00A9E16C /* GoogleMaps.bundle */ = {isa = PBXFileReference; lastKnownFileType = "wrapper.plug-in"; name = GoogleMaps.bundle; path = AGPlacePicker/GoogleMaps.framework/Resources/GoogleMaps.bundle; sourceTree = "<group>"; };
		8EF36FC52673B3E900A9E16C /* PlacesListViewModel.swift */ = {isa = PBXFileReference; lastKnownFileType = sourcecode.swift; path = PlacesListViewModel.swift; sourceTree = "<group>"; };
		8EF36FC72673B4DC00A9E16C /* AGPlacePickerRepository.swift */ = {isa = PBXFileReference; lastKnownFileType = sourcecode.swift; path = AGPlacePickerRepository.swift; sourceTree = "<group>"; };
		8EF36FCB2673C3F200A9E16C /* AGPlacesResponse.swift */ = {isa = PBXFileReference; lastKnownFileType = sourcecode.swift; path = AGPlacesResponse.swift; sourceTree = "<group>"; };
		8EF36FCD2673C40D00A9E16C /* AGPlace.swift */ = {isa = PBXFileReference; lastKnownFileType = sourcecode.swift; path = AGPlace.swift; sourceTree = "<group>"; };
		8EF36FCF2673C4FB00A9E16C /* AGPlaceGeometry.swift */ = {isa = PBXFileReference; lastKnownFileType = sourcecode.swift; path = AGPlaceGeometry.swift; sourceTree = "<group>"; };
		8EF36FD12673C51900A9E16C /* AGPlaceLocation.swift */ = {isa = PBXFileReference; lastKnownFileType = sourcecode.swift; path = AGPlaceLocation.swift; sourceTree = "<group>"; };
		8EF36FD42673C5A400A9E16C /* AGPlacePickerAPI.swift */ = {isa = PBXFileReference; lastKnownFileType = sourcecode.swift; path = AGPlacePickerAPI.swift; sourceTree = "<group>"; };
/* End PBXFileReference section */

/* Begin PBXFrameworksBuildPhase section */
		8EF36F5126739BED00A9E16C /* Frameworks */ = {
			isa = PBXFrameworksBuildPhase;
			buildActionMask = 2147483647;
			files = (
				8EF36FC22673B30800A9E16C /* GoogleMaps.framework in Frameworks */,
				8EF36FA22673AA5600A9E16C /* UIKit.framework in Frameworks */,
				8EF36FA32673AA5600A9E16C /* CoreGraphics.framework in Frameworks */,
				8EF36FA42673AA5600A9E16C /* CoreImage.framework in Frameworks */,
				8EF36FA52673AA5600A9E16C /* OpenGLES.framework in Frameworks */,
				8EF36FA62673AA5600A9E16C /* CoreTelephony.framework in Frameworks */,
				8EF36FA72673AA5600A9E16C /* libc++.tbd in Frameworks */,
				8EF36FBB2673B28700A9E16C /* GoogleMapsBase.framework in Frameworks */,
				8EF36FBE2673B29B00A9E16C /* GoogleMapsCore.framework in Frameworks */,
				8EF36FA82673AA5600A9E16C /* libz.tbd in Frameworks */,
				8EF36FB72673B21500A9E16C /* GooglePlaces.framework in Frameworks */,
				8EF36FA92673AA5600A9E16C /* SystemConfiguration.framework in Frameworks */,
				8EF36FAA2673AA5600A9E16C /* CoreData.framework in Frameworks */,
				8EF36FAB2673AA5600A9E16C /* GLKit.framework in Frameworks */,
				8EF36FAC2673AA5600A9E16C /* ImageIO.framework in Frameworks */,
				8EF36FAD2673AA5600A9E16C /* CoreText.framework in Frameworks */,
				8EF36FAE2673AA5600A9E16C /* QuartzCore.framework in Frameworks */,
				8EF36FAF2673AA5600A9E16C /* Accelerate.framework in Frameworks */,
				8EF36FB02673AA5600A9E16C /* CoreLocation.framework in Frameworks */,
			);
			runOnlyForDeploymentPostprocessing = 0;
		};
		8EF36F6726739BEF00A9E16C /* Frameworks */ = {
			isa = PBXFrameworksBuildPhase;
			buildActionMask = 2147483647;
			files = (
			);
			runOnlyForDeploymentPostprocessing = 0;
		};
		8EF36F7126739BEF00A9E16C /* Frameworks */ = {
			isa = PBXFrameworksBuildPhase;
			buildActionMask = 2147483647;
			files = (
			);
			runOnlyForDeploymentPostprocessing = 0;
		};
/* End PBXFrameworksBuildPhase section */

/* Begin PBXGroup section */
		8EF36F4B26739BED00A9E16C = {
			isa = PBXGroup;
			children = (
				8EF36FC32673B30F00A9E16C /* GoogleMaps.bundle */,
				8EF36FB82673B22700A9E16C /* GooglePlaces.bundle */,
				8EF36F5626739BED00A9E16C /* AGPlacePicker */,
				8EF36F6D26739BEF00A9E16C /* AGPlacePickerTests */,
				8EF36F7726739BEF00A9E16C /* AGPlacePickerUITests */,
				8EF36F5526739BED00A9E16C /* Products */,
				8EF36F922673AA5500A9E16C /* Frameworks */,
			);
			sourceTree = "<group>";
		};
		8EF36F5526739BED00A9E16C /* Products */ = {
			isa = PBXGroup;
			children = (
				8EF36F5426739BED00A9E16C /* AGPlacePicker.app */,
				8EF36F6A26739BEF00A9E16C /* AGPlacePickerTests.xctest */,
				8EF36F7426739BEF00A9E16C /* AGPlacePickerUITests.xctest */,
			);
			name = Products;
			sourceTree = "<group>";
		};
		8EF36F5626739BED00A9E16C /* AGPlacePicker */ = {
			isa = PBXGroup;
			children = (
				8EF36FD32673C59300A9E16C /* Network */,
				8EF36FCA2673C3E200A9E16C /* Models */,
				8EF36FB62673B21500A9E16C /* GooglePlaces.framework */,
				8EF36FBA2673B28700A9E16C /* GoogleMapsBase.framework */,
				8EF36FBC2673B29900A9E16C /* GoogleMapsCore.framework */,
				8EF36FC12673B30800A9E16C /* GoogleMaps.framework */,
				8EF36FC92673B50000A9E16C /* Repository */,
				8EF36F8526739D0A00A9E16C /* ListSheet */,
				8EF36F5726739BED00A9E16C /* AppDelegate.swift */,
				8EF36F5926739BED00A9E16C /* SceneDelegate.swift */,
				8EF36F5B26739BED00A9E16C /* ViewController.swift */,
				8EF36F5D26739BED00A9E16C /* Main.storyboard */,
				8EF36F6026739BEF00A9E16C /* Assets.xcassets */,
				8EF36F6226739BEF00A9E16C /* LaunchScreen.storyboard */,
				8EF36F6526739BEF00A9E16C /* Info.plist */,
			);
			path = AGPlacePicker;
			sourceTree = "<group>";
		};
		8EF36F6D26739BEF00A9E16C /* AGPlacePickerTests */ = {
			isa = PBXGroup;
			children = (
				8EF36F6E26739BEF00A9E16C /* AGPlacePickerTests.swift */,
			);
			path = AGPlacePickerTests;
			sourceTree = "<group>";
		};
		8EF36F7726739BEF00A9E16C /* AGPlacePickerUITests */ = {
			isa = PBXGroup;
			children = (
				8EF36F7826739BEF00A9E16C /* AGPlacePickerUITests.swift */,
			);
			path = AGPlacePickerUITests;
			sourceTree = "<group>";
		};
		8EF36F8526739D0A00A9E16C /* ListSheet */ = {
			isa = PBXGroup;
			children = (
				8EF36F8826739DD200A9E16C /* PlacesListView.swift */,
				8EF36FC52673B3E900A9E16C /* PlacesListViewModel.swift */,
			);
			path = ListSheet;
			sourceTree = "<group>";
		};
		8EF36F922673AA5500A9E16C /* Frameworks */ = {
			isa = PBXGroup;
			children = (
				8EF36FA02673AA5600A9E16C /* Accelerate.framework */,
				8EF36F9B2673AA5500A9E16C /* CoreData.framework */,
				8EF36F942673AA5500A9E16C /* CoreGraphics.framework */,
				8EF36F952673AA5500A9E16C /* CoreImage.framework */,
				8EF36FA12673AA5600A9E16C /* CoreLocation.framework */,
				8EF36F972673AA5500A9E16C /* CoreTelephony.framework */,
				8EF36F9E2673AA5600A9E16C /* CoreText.framework */,
				8EF36F9C2673AA5500A9E16C /* GLKit.framework */,
				8EF36F9D2673AA5600A9E16C /* ImageIO.framework */,
				8EF36F982673AA5500A9E16C /* libc++.tbd */,
				8EF36F992673AA5500A9E16C /* libz.tbd */,
				8EF36F962673AA5500A9E16C /* OpenGLES.framework */,
				8EF36F9F2673AA5600A9E16C /* QuartzCore.framework */,
				8EF36F9A2673AA5500A9E16C /* SystemConfiguration.framework */,
				8EF36F932673AA5500A9E16C /* UIKit.framework */,
			);
			name = Frameworks;
			sourceTree = "<group>";
		};
		8EF36FC92673B50000A9E16C /* Repository */ = {
			isa = PBXGroup;
			children = (
				8EF36FC72673B4DC00A9E16C /* AGPlacePickerRepository.swift */,
			);
			path = Repository;
			sourceTree = "<group>";
		};
		8EF36FCA2673C3E200A9E16C /* Models */ = {
			isa = PBXGroup;
			children = (
				8EF36FCB2673C3F200A9E16C /* AGPlacesResponse.swift */,
				8EF36FCD2673C40D00A9E16C /* AGPlace.swift */,
				8EF36FCF2673C4FB00A9E16C /* AGPlaceGeometry.swift */,
				8EF36FD12673C51900A9E16C /* AGPlaceLocation.swift */,
			);
			path = Models;
			sourceTree = "<group>";
		};
		8EF36FD32673C59300A9E16C /* Network */ = {
			isa = PBXGroup;
			children = (
				8EF36FD42673C5A400A9E16C /* AGPlacePickerAPI.swift */,
			);
			path = Network;
			sourceTree = "<group>";
		};
/* End PBXGroup section */

/* Begin PBXNativeTarget section */
		8EF36F5326739BED00A9E16C /* AGPlacePicker */ = {
			isa = PBXNativeTarget;
			buildConfigurationList = 8EF36F7C26739BEF00A9E16C /* Build configuration list for PBXNativeTarget "AGPlacePicker" */;
			buildPhases = (
				8EF36F5026739BED00A9E16C /* Sources */,
				8EF36F5126739BED00A9E16C /* Frameworks */,
				8EF36F5226739BED00A9E16C /* Resources */,
			);
			buildRules = (
			);
			dependencies = (
			);
			name = AGPlacePicker;
			productName = AGPlacePicker;
			productReference = 8EF36F5426739BED00A9E16C /* AGPlacePicker.app */;
			productType = "com.apple.product-type.application";
		};
		8EF36F6926739BEF00A9E16C /* AGPlacePickerTests */ = {
			isa = PBXNativeTarget;
			buildConfigurationList = 8EF36F7F26739BEF00A9E16C /* Build configuration list for PBXNativeTarget "AGPlacePickerTests" */;
			buildPhases = (
				8EF36F6626739BEF00A9E16C /* Sources */,
				8EF36F6726739BEF00A9E16C /* Frameworks */,
				8EF36F6826739BEF00A9E16C /* Resources */,
			);
			buildRules = (
			);
			dependencies = (
				8EF36F6C26739BEF00A9E16C /* PBXTargetDependency */,
			);
			name = AGPlacePickerTests;
			productName = AGPlacePickerTests;
			productReference = 8EF36F6A26739BEF00A9E16C /* AGPlacePickerTests.xctest */;
			productType = "com.apple.product-type.bundle.unit-test";
		};
		8EF36F7326739BEF00A9E16C /* AGPlacePickerUITests */ = {
			isa = PBXNativeTarget;
			buildConfigurationList = 8EF36F8226739BEF00A9E16C /* Build configuration list for PBXNativeTarget "AGPlacePickerUITests" */;
			buildPhases = (
				8EF36F7026739BEF00A9E16C /* Sources */,
				8EF36F7126739BEF00A9E16C /* Frameworks */,
				8EF36F7226739BEF00A9E16C /* Resources */,
			);
			buildRules = (
			);
			dependencies = (
				8EF36F7626739BEF00A9E16C /* PBXTargetDependency */,
			);
			name = AGPlacePickerUITests;
			productName = AGPlacePickerUITests;
			productReference = 8EF36F7426739BEF00A9E16C /* AGPlacePickerUITests.xctest */;
			productType = "com.apple.product-type.bundle.ui-testing";
		};
/* End PBXNativeTarget section */

/* Begin PBXProject section */
		8EF36F4C26739BED00A9E16C /* Project object */ = {
			isa = PBXProject;
			attributes = {
				BuildIndependentTargetsInParallel = 1;
				LastSwiftUpdateCheck = 1300;
				LastUpgradeCheck = 1300;
				TargetAttributes = {
					8EF36F5326739BED00A9E16C = {
						CreatedOnToolsVersion = 13.0;
					};
					8EF36F6926739BEF00A9E16C = {
						CreatedOnToolsVersion = 13.0;
						TestTargetID = 8EF36F5326739BED00A9E16C;
					};
					8EF36F7326739BEF00A9E16C = {
						CreatedOnToolsVersion = 13.0;
						TestTargetID = 8EF36F5326739BED00A9E16C;
					};
				};
			};
			buildConfigurationList = 8EF36F4F26739BED00A9E16C /* Build configuration list for PBXProject "AGPlacePicker" */;
			compatibilityVersion = "Xcode 13.0";
			developmentRegion = en;
			hasScannedForEncodings = 0;
			knownRegions = (
				en,
				Base,
			);
			mainGroup = 8EF36F4B26739BED00A9E16C;
			productRefGroup = 8EF36F5526739BED00A9E16C /* Products */;
			projectDirPath = "";
			projectRoot = "";
			targets = (
				8EF36F5326739BED00A9E16C /* AGPlacePicker */,
				8EF36F6926739BEF00A9E16C /* AGPlacePickerTests */,
				8EF36F7326739BEF00A9E16C /* AGPlacePickerUITests */,
			);
		};
/* End PBXProject section */

/* Begin PBXResourcesBuildPhase section */
		8EF36F5226739BED00A9E16C /* Resources */ = {
			isa = PBXResourcesBuildPhase;
			buildActionMask = 2147483647;
			files = (
				8EF36FB92673B22700A9E16C /* GooglePlaces.bundle in Resources */,
				8EF36F6426739BEF00A9E16C /* LaunchScreen.storyboard in Resources */,
				8EF36F6126739BEF00A9E16C /* Assets.xcassets in Resources */,
				8EF36F5F26739BED00A9E16C /* Main.storyboard in Resources */,
				8EF36FC42673B30F00A9E16C /* GoogleMaps.bundle in Resources */,
			);
			runOnlyForDeploymentPostprocessing = 0;
		};
		8EF36F6826739BEF00A9E16C /* Resources */ = {
			isa = PBXResourcesBuildPhase;
			buildActionMask = 2147483647;
			files = (
			);
			runOnlyForDeploymentPostprocessing = 0;
		};
		8EF36F7226739BEF00A9E16C /* Resources */ = {
			isa = PBXResourcesBuildPhase;
			buildActionMask = 2147483647;
			files = (
			);
			runOnlyForDeploymentPostprocessing = 0;
		};
/* End PBXResourcesBuildPhase section */

/* Begin PBXSourcesBuildPhase section */
		8EF36F5026739BED00A9E16C /* Sources */ = {
			isa = PBXSourcesBuildPhase;
			buildActionMask = 2147483647;
			files = (
				8EF36F5C26739BED00A9E16C /* ViewController.swift in Sources */,
				8EF36FCC2673C3F200A9E16C /* AGPlacesResponse.swift in Sources */,
				8EF36FD22673C51900A9E16C /* AGPlaceLocation.swift in Sources */,
				8EF36F5826739BED00A9E16C /* AppDelegate.swift in Sources */,
				8EF36FC62673B3E900A9E16C /* PlacesListViewModel.swift in Sources */,
				8EF36FC82673B4DC00A9E16C /* AGPlacePickerRepository.swift in Sources */,
				8EF36FCE2673C40D00A9E16C /* AGPlace.swift in Sources */,
				8EF36F5A26739BED00A9E16C /* SceneDelegate.swift in Sources */,
				8EF36FD02673C4FB00A9E16C /* AGPlaceGeometry.swift in Sources */,
				8EF36F8926739DD200A9E16C /* PlacesListView.swift in Sources */,
				8EF36FD52673C5A400A9E16C /* AGPlacePickerAPI.swift in Sources */,
			);
			runOnlyForDeploymentPostprocessing = 0;
		};
		8EF36F6626739BEF00A9E16C /* Sources */ = {
			isa = PBXSourcesBuildPhase;
			buildActionMask = 2147483647;
			files = (
				8EF36F6F26739BEF00A9E16C /* AGPlacePickerTests.swift in Sources */,
			);
			runOnlyForDeploymentPostprocessing = 0;
		};
		8EF36F7026739BEF00A9E16C /* Sources */ = {
			isa = PBXSourcesBuildPhase;
			buildActionMask = 2147483647;
			files = (
				8EF36F7926739BEF00A9E16C /* AGPlacePickerUITests.swift in Sources */,
			);
			runOnlyForDeploymentPostprocessing = 0;
		};
/* End PBXSourcesBuildPhase section */

/* Begin PBXTargetDependency section */
		8EF36F6C26739BEF00A9E16C /* PBXTargetDependency */ = {
			isa = PBXTargetDependency;
			target = 8EF36F5326739BED00A9E16C /* AGPlacePicker */;
			targetProxy = 8EF36F6B26739BEF00A9E16C /* PBXContainerItemProxy */;
		};
		8EF36F7626739BEF00A9E16C /* PBXTargetDependency */ = {
			isa = PBXTargetDependency;
			target = 8EF36F5326739BED00A9E16C /* AGPlacePicker */;
			targetProxy = 8EF36F7526739BEF00A9E16C /* PBXContainerItemProxy */;
		};
/* End PBXTargetDependency section */

/* Begin PBXVariantGroup section */
		8EF36F5D26739BED00A9E16C /* Main.storyboard */ = {
			isa = PBXVariantGroup;
			children = (
				8EF36F5E26739BED00A9E16C /* Base */,
			);
			name = Main.storyboard;
			sourceTree = "<group>";
		};
		8EF36F6226739BEF00A9E16C /* LaunchScreen.storyboard */ = {
			isa = PBXVariantGroup;
			children = (
				8EF36F6326739BEF00A9E16C /* Base */,
			);
			name = LaunchScreen.storyboard;
			sourceTree = "<group>";
		};
/* End PBXVariantGroup section */

/* Begin XCBuildConfiguration section */
		8EF36F7A26739BEF00A9E16C /* Debug */ = {
			isa = XCBuildConfiguration;
			buildSettings = {
				ALWAYS_SEARCH_USER_PATHS = NO;
				CLANG_ANALYZER_NONNULL = YES;
				CLANG_ANALYZER_NUMBER_OBJECT_CONVERSION = YES_AGGRESSIVE;
				CLANG_CXX_LANGUAGE_STANDARD = "gnu++14";
				CLANG_CXX_LIBRARY = "libc++";
				CLANG_ENABLE_MODULES = YES;
				CLANG_ENABLE_OBJC_ARC = YES;
				CLANG_ENABLE_OBJC_WEAK = YES;
				CLANG_WARN_BLOCK_CAPTURE_AUTORELEASING = YES;
				CLANG_WARN_BOOL_CONVERSION = YES;
				CLANG_WARN_COMMA = YES;
				CLANG_WARN_CONSTANT_CONVERSION = YES;
				CLANG_WARN_DEPRECATED_OBJC_IMPLEMENTATIONS = YES;
				CLANG_WARN_DIRECT_OBJC_ISA_USAGE = YES_ERROR;
				CLANG_WARN_DOCUMENTATION_COMMENTS = YES;
				CLANG_WARN_EMPTY_BODY = YES;
				CLANG_WARN_ENUM_CONVERSION = YES;
				CLANG_WARN_INFINITE_RECURSION = YES;
				CLANG_WARN_INT_CONVERSION = YES;
				CLANG_WARN_NON_LITERAL_NULL_CONVERSION = YES;
				CLANG_WARN_OBJC_IMPLICIT_RETAIN_SELF = YES;
				CLANG_WARN_OBJC_LITERAL_CONVERSION = YES;
				CLANG_WARN_OBJC_ROOT_CLASS = YES_ERROR;
				CLANG_WARN_QUOTED_INCLUDE_IN_FRAMEWORK_HEADER = YES;
				CLANG_WARN_RANGE_LOOP_ANALYSIS = YES;
				CLANG_WARN_STRICT_PROTOTYPES = YES;
				CLANG_WARN_SUSPICIOUS_MOVE = YES;
				CLANG_WARN_UNGUARDED_AVAILABILITY = YES_AGGRESSIVE;
				CLANG_WARN_UNREACHABLE_CODE = YES;
				CLANG_WARN__DUPLICATE_METHOD_MATCH = YES;
				COPY_PHASE_STRIP = NO;
				DEBUG_INFORMATION_FORMAT = dwarf;
				ENABLE_STRICT_OBJC_MSGSEND = YES;
				ENABLE_TESTABILITY = YES;
				GCC_C_LANGUAGE_STANDARD = gnu11;
				GCC_DYNAMIC_NO_PIC = NO;
				GCC_NO_COMMON_BLOCKS = YES;
				GCC_OPTIMIZATION_LEVEL = 0;
				GCC_PREPROCESSOR_DEFINITIONS = (
					"DEBUG=1",
					"$(inherited)",
				);
				GCC_WARN_64_TO_32_BIT_CONVERSION = YES;
				GCC_WARN_ABOUT_RETURN_TYPE = YES_ERROR;
				GCC_WARN_UNDECLARED_SELECTOR = YES;
				GCC_WARN_UNINITIALIZED_AUTOS = YES_AGGRESSIVE;
				GCC_WARN_UNUSED_FUNCTION = YES;
				GCC_WARN_UNUSED_VARIABLE = YES;
				IPHONEOS_DEPLOYMENT_TARGET = 15.0;
				MTL_ENABLE_DEBUG_INFO = INCLUDE_SOURCE;
				MTL_FAST_MATH = YES;
				ONLY_ACTIVE_ARCH = YES;
				OTHER_LDFLAGS = "-ObjC";
				SDKROOT = iphoneos;
				SWIFT_ACTIVE_COMPILATION_CONDITIONS = DEBUG;
				SWIFT_OPTIMIZATION_LEVEL = "-Onone";
			};
			name = Debug;
		};
		8EF36F7B26739BEF00A9E16C /* Release */ = {
			isa = XCBuildConfiguration;
			buildSettings = {
				ALWAYS_SEARCH_USER_PATHS = NO;
				CLANG_ANALYZER_NONNULL = YES;
				CLANG_ANALYZER_NUMBER_OBJECT_CONVERSION = YES_AGGRESSIVE;
				CLANG_CXX_LANGUAGE_STANDARD = "gnu++14";
				CLANG_CXX_LIBRARY = "libc++";
				CLANG_ENABLE_MODULES = YES;
				CLANG_ENABLE_OBJC_ARC = YES;
				CLANG_ENABLE_OBJC_WEAK = YES;
				CLANG_WARN_BLOCK_CAPTURE_AUTORELEASING = YES;
				CLANG_WARN_BOOL_CONVERSION = YES;
				CLANG_WARN_COMMA = YES;
				CLANG_WARN_CONSTANT_CONVERSION = YES;
				CLANG_WARN_DEPRECATED_OBJC_IMPLEMENTATIONS = YES;
				CLANG_WARN_DIRECT_OBJC_ISA_USAGE = YES_ERROR;
				CLANG_WARN_DOCUMENTATION_COMMENTS = YES;
				CLANG_WARN_EMPTY_BODY = YES;
				CLANG_WARN_ENUM_CONVERSION = YES;
				CLANG_WARN_INFINITE_RECURSION = YES;
				CLANG_WARN_INT_CONVERSION = YES;
				CLANG_WARN_NON_LITERAL_NULL_CONVERSION = YES;
				CLANG_WARN_OBJC_IMPLICIT_RETAIN_SELF = YES;
				CLANG_WARN_OBJC_LITERAL_CONVERSION = YES;
				CLANG_WARN_OBJC_ROOT_CLASS = YES_ERROR;
				CLANG_WARN_QUOTED_INCLUDE_IN_FRAMEWORK_HEADER = YES;
				CLANG_WARN_RANGE_LOOP_ANALYSIS = YES;
				CLANG_WARN_STRICT_PROTOTYPES = YES;
				CLANG_WARN_SUSPICIOUS_MOVE = YES;
				CLANG_WARN_UNGUARDED_AVAILABILITY = YES_AGGRESSIVE;
				CLANG_WARN_UNREACHABLE_CODE = YES;
				CLANG_WARN__DUPLICATE_METHOD_MATCH = YES;
				COPY_PHASE_STRIP = NO;
				DEBUG_INFORMATION_FORMAT = "dwarf-with-dsym";
				ENABLE_NS_ASSERTIONS = NO;
				ENABLE_STRICT_OBJC_MSGSEND = YES;
				GCC_C_LANGUAGE_STANDARD = gnu11;
				GCC_NO_COMMON_BLOCKS = YES;
				GCC_WARN_64_TO_32_BIT_CONVERSION = YES;
				GCC_WARN_ABOUT_RETURN_TYPE = YES_ERROR;
				GCC_WARN_UNDECLARED_SELECTOR = YES;
				GCC_WARN_UNINITIALIZED_AUTOS = YES_AGGRESSIVE;
				GCC_WARN_UNUSED_FUNCTION = YES;
				GCC_WARN_UNUSED_VARIABLE = YES;
				IPHONEOS_DEPLOYMENT_TARGET = 15.0;
				MTL_ENABLE_DEBUG_INFO = NO;
				MTL_FAST_MATH = YES;
				OTHER_LDFLAGS = "-ObjC";
				SDKROOT = iphoneos;
				SWIFT_COMPILATION_MODE = wholemodule;
				SWIFT_OPTIMIZATION_LEVEL = "-O";
				VALIDATE_PRODUCT = YES;
			};
			name = Release;
		};
		8EF36F7D26739BEF00A9E16C /* Debug */ = {
			isa = XCBuildConfiguration;
			buildSettings = {
				ASSETCATALOG_COMPILER_APPICON_NAME = AppIcon;
				ASSETCATALOG_COMPILER_GLOBAL_ACCENT_COLOR_NAME = AccentColor;
				CODE_SIGN_STYLE = Automatic;
				CURRENT_PROJECT_VERSION = 1;
				DEVELOPMENT_TEAM = A3Q9RY428D;
				FRAMEWORK_SEARCH_PATHS = (
					"$(inherited)",
					"$(PROJECT_DIR)/AGPlacePicker",
				);
				GENERATE_INFOPLIST_FILE = YES;
				INFOPLIST_FILE = AGPlacePicker/Info.plist;
				INFOPLIST_KEY_CFBundleExecutable = AGPlacePicker;
				INFOPLIST_KEY_CFBundleName = AGPlacePicker;
				INFOPLIST_KEY_CFBundleVersion = 1;
				INFOPLIST_KEY_UIApplicationSupportsIndirectInputEvents = YES;
				INFOPLIST_KEY_UILaunchStoryboardName = LaunchScreen;
				INFOPLIST_KEY_UIMainStoryboardFile = Main;
				INFOPLIST_KEY_UISupportedInterfaceOrientations_iPad = "UIInterfaceOrientationPortrait UIInterfaceOrientationPortraitUpsideDown UIInterfaceOrientationLandscapeLeft UIInterfaceOrientationLandscapeRight";
				INFOPLIST_KEY_UISupportedInterfaceOrientations_iPhone = "UIInterfaceOrientationPortrait UIInterfaceOrientationLandscapeLeft UIInterfaceOrientationLandscapeRight";
				LD_RUNPATH_SEARCH_PATHS = (
					"$(inherited)",
					"@executable_path/Frameworks",
				);
				MARKETING_VERSION = 1.0;
				PRODUCT_BUNDLE_IDENTIFIER = com.arthur.AGPlacePicker;
				PRODUCT_NAME = "$(TARGET_NAME)";
				SWIFT_EMIT_LOC_STRINGS = YES;
				SWIFT_VERSION = 5.0;
				TARGETED_DEVICE_FAMILY = "1,2";
			};
			name = Debug;
		};
		8EF36F7E26739BEF00A9E16C /* Release */ = {
			isa = XCBuildConfiguration;
			buildSettings = {
				ASSETCATALOG_COMPILER_APPICON_NAME = AppIcon;
				ASSETCATALOG_COMPILER_GLOBAL_ACCENT_COLOR_NAME = AccentColor;
				CODE_SIGN_STYLE = Automatic;
				CURRENT_PROJECT_VERSION = 1;
				DEVELOPMENT_TEAM = A3Q9RY428D;
				FRAMEWORK_SEARCH_PATHS = (
					"$(inherited)",
					"$(PROJECT_DIR)/AGPlacePicker",
				);
				GENERATE_INFOPLIST_FILE = YES;
				INFOPLIST_FILE = AGPlacePicker/Info.plist;
				INFOPLIST_KEY_CFBundleExecutable = AGPlacePicker;
				INFOPLIST_KEY_CFBundleName = AGPlacePicker;
				INFOPLIST_KEY_CFBundleVersion = 1;
				INFOPLIST_KEY_UIApplicationSupportsIndirectInputEvents = YES;
				INFOPLIST_KEY_UILaunchStoryboardName = LaunchScreen;
				INFOPLIST_KEY_UIMainStoryboardFile = Main;
				INFOPLIST_KEY_UISupportedInterfaceOrientations_iPad = "UIInterfaceOrientationPortrait UIInterfaceOrientationPortraitUpsideDown UIInterfaceOrientationLandscapeLeft UIInterfaceOrientationLandscapeRight";
				INFOPLIST_KEY_UISupportedInterfaceOrientations_iPhone = "UIInterfaceOrientationPortrait UIInterfaceOrientationLandscapeLeft UIInterfaceOrientationLandscapeRight";
				LD_RUNPATH_SEARCH_PATHS = (
					"$(inherited)",
					"@executable_path/Frameworks",
				);
				MARKETING_VERSION = 1.0;
				PRODUCT_BUNDLE_IDENTIFIER = com.arthur.AGPlacePicker;
				PRODUCT_NAME = "$(TARGET_NAME)";
				SWIFT_EMIT_LOC_STRINGS = YES;
				SWIFT_VERSION = 5.0;
				TARGETED_DEVICE_FAMILY = "1,2";
			};
			name = Release;
		};
		8EF36F8026739BEF00A9E16C /* Debug */ = {
			isa = XCBuildConfiguration;
			buildSettings = {
				ALWAYS_EMBED_SWIFT_STANDARD_LIBRARIES = YES;
				BUNDLE_LOADER = "$(TEST_HOST)";
				CODE_SIGN_STYLE = Automatic;
				CURRENT_PROJECT_VERSION = 1;
				DEVELOPMENT_TEAM = A3Q9RY428D;
				GENERATE_INFOPLIST_FILE = YES;
				IPHONEOS_DEPLOYMENT_TARGET = 15.0;
				LD_RUNPATH_SEARCH_PATHS = (
					"$(inherited)",
					"@executable_path/Frameworks",
					"@loader_path/Frameworks",
				);
				MARKETING_VERSION = 1.0;
				PRODUCT_BUNDLE_IDENTIFIER = com.arthur.AGPlacePickerTests;
				PRODUCT_NAME = "$(TARGET_NAME)";
				SWIFT_EMIT_LOC_STRINGS = NO;
				SWIFT_VERSION = 5.0;
				TARGETED_DEVICE_FAMILY = "1,2";
				TEST_HOST = "$(BUILT_PRODUCTS_DIR)/AGPlacePicker.app/AGPlacePicker";
			};
			name = Debug;
		};
		8EF36F8126739BEF00A9E16C /* Release */ = {
			isa = XCBuildConfiguration;
			buildSettings = {
				ALWAYS_EMBED_SWIFT_STANDARD_LIBRARIES = YES;
				BUNDLE_LOADER = "$(TEST_HOST)";
				CODE_SIGN_STYLE = Automatic;
				CURRENT_PROJECT_VERSION = 1;
				DEVELOPMENT_TEAM = A3Q9RY428D;
				GENERATE_INFOPLIST_FILE = YES;
				IPHONEOS_DEPLOYMENT_TARGET = 15.0;
				LD_RUNPATH_SEARCH_PATHS = (
					"$(inherited)",
					"@executable_path/Frameworks",
					"@loader_path/Frameworks",
				);
				MARKETING_VERSION = 1.0;
				PRODUCT_BUNDLE_IDENTIFIER = com.arthur.AGPlacePickerTests;
				PRODUCT_NAME = "$(TARGET_NAME)";
				SWIFT_EMIT_LOC_STRINGS = NO;
				SWIFT_VERSION = 5.0;
				TARGETED_DEVICE_FAMILY = "1,2";
				TEST_HOST = "$(BUILT_PRODUCTS_DIR)/AGPlacePicker.app/AGPlacePicker";
			};
			name = Release;
		};
		8EF36F8326739BEF00A9E16C /* Debug */ = {
			isa = XCBuildConfiguration;
			buildSettings = {
				ALWAYS_EMBED_SWIFT_STANDARD_LIBRARIES = YES;
				CODE_SIGN_STYLE = Automatic;
				CURRENT_PROJECT_VERSION = 1;
				DEVELOPMENT_TEAM = A3Q9RY428D;
				GENERATE_INFOPLIST_FILE = YES;
				LD_RUNPATH_SEARCH_PATHS = (
					"$(inherited)",
					"@executable_path/Frameworks",
					"@loader_path/Frameworks",
				);
				MARKETING_VERSION = 1.0;
				PRODUCT_BUNDLE_IDENTIFIER = com.arthur.AGPlacePickerUITests;
				PRODUCT_NAME = "$(TARGET_NAME)";
				SWIFT_EMIT_LOC_STRINGS = NO;
				SWIFT_VERSION = 5.0;
				TARGETED_DEVICE_FAMILY = "1,2";
				TEST_TARGET_NAME = AGPlacePicker;
			};
			name = Debug;
		};
		8EF36F8426739BEF00A9E16C /* Release */ = {
			isa = XCBuildConfiguration;
			buildSettings = {
				ALWAYS_EMBED_SWIFT_STANDARD_LIBRARIES = YES;
				CODE_SIGN_STYLE = Automatic;
				CURRENT_PROJECT_VERSION = 1;
				DEVELOPMENT_TEAM = A3Q9RY428D;
				GENERATE_INFOPLIST_FILE = YES;
				LD_RUNPATH_SEARCH_PATHS = (
					"$(inherited)",
					"@executable_path/Frameworks",
					"@loader_path/Frameworks",
				);
				MARKETING_VERSION = 1.0;
				PRODUCT_BUNDLE_IDENTIFIER = com.arthur.AGPlacePickerUITests;
				PRODUCT_NAME = "$(TARGET_NAME)";
				SWIFT_EMIT_LOC_STRINGS = NO;
				SWIFT_VERSION = 5.0;
				TARGETED_DEVICE_FAMILY = "1,2";
				TEST_TARGET_NAME = AGPlacePicker;
			};
			name = Release;
		};
/* End XCBuildConfiguration section */

/* Begin XCConfigurationList section */
		8EF36F4F26739BED00A9E16C /* Build configuration list for PBXProject "AGPlacePicker" */ = {
			isa = XCConfigurationList;
			buildConfigurations = (
				8EF36F7A26739BEF00A9E16C /* Debug */,
				8EF36F7B26739BEF00A9E16C /* Release */,
			);
			defaultConfigurationIsVisible = 0;
			defaultConfigurationName = Release;
		};
		8EF36F7C26739BEF00A9E16C /* Build configuration list for PBXNativeTarget "AGPlacePicker" */ = {
			isa = XCConfigurationList;
			buildConfigurations = (
				8EF36F7D26739BEF00A9E16C /* Debug */,
				8EF36F7E26739BEF00A9E16C /* Release */,
			);
			defaultConfigurationIsVisible = 0;
			defaultConfigurationName = Release;
		};
		8EF36F7F26739BEF00A9E16C /* Build configuration list for PBXNativeTarget "AGPlacePickerTests" */ = {
			isa = XCConfigurationList;
			buildConfigurations = (
				8EF36F8026739BEF00A9E16C /* Debug */,
				8EF36F8126739BEF00A9E16C /* Release */,
			);
			defaultConfigurationIsVisible = 0;
			defaultConfigurationName = Release;
		};
		8EF36F8226739BEF00A9E16C /* Build configuration list for PBXNativeTarget "AGPlacePickerUITests" */ = {
			isa = XCConfigurationList;
			buildConfigurations = (
				8EF36F8326739BEF00A9E16C /* Debug */,
				8EF36F8426739BEF00A9E16C /* Release */,
			);
			defaultConfigurationIsVisible = 0;
			defaultConfigurationName = Release;
		};
/* End XCConfigurationList section */
	};
	rootObject = 8EF36F4C26739BED00A9E16C /* Project object */;
}
